// !$*UTF8*$!
{
	archiveVersion = 1;
	classes = {
	};
	objectVersion = 56;
	objects = {

/* Begin PBXBuildFile section */
		5B1DA6422A609282004AEA44 /* AppDelegate.swift in Sources */ = {isa = PBXBuildFile; fileRef = 5B1DA6412A609282004AEA44 /* AppDelegate.swift */; };
		5B1DA6442A609282004AEA44 /* SceneDelegate.swift in Sources */ = {isa = PBXBuildFile; fileRef = 5B1DA6432A609282004AEA44 /* SceneDelegate.swift */; };
		5B1DA6492A609282004AEA44 /* Main.storyboard in Resources */ = {isa = PBXBuildFile; fileRef = 5B1DA6472A609282004AEA44 /* Main.storyboard */; };
		5B1DA64B2A609283004AEA44 /* Assets.xcassets in Resources */ = {isa = PBXBuildFile; fileRef = 5B1DA64A2A609283004AEA44 /* Assets.xcassets */; };
		5B1DA64E2A609283004AEA44 /* LaunchScreen.storyboard in Resources */ = {isa = PBXBuildFile; fileRef = 5B1DA64C2A609283004AEA44 /* LaunchScreen.storyboard */; };
		5B1DA6562A60930C004AEA44 /* GoogleService-Info.plist in Resources */ = {isa = PBXBuildFile; fileRef = 5B1DA6552A60930C004AEA44 /* GoogleService-Info.plist */; };
		5B1DA65D2A61BD65004AEA44 /* LoginViewController.swift in Sources */ = {isa = PBXBuildFile; fileRef = 5B1DA65C2A61BD65004AEA44 /* LoginViewController.swift */; };
		5B1DA6612A61BF60004AEA44 /* SlideCollectionViewCell.swift in Sources */ = {isa = PBXBuildFile; fileRef = 5B1DA65F2A61BF60004AEA44 /* SlideCollectionViewCell.swift */; };
		5B1DA6622A61BF60004AEA44 /* SlideCollectionViewCell.xib in Resources */ = {isa = PBXBuildFile; fileRef = 5B1DA6602A61BF60004AEA44 /* SlideCollectionViewCell.xib */; };
		5B1DA6642A61C7FE004AEA44 /* Model.swift in Sources */ = {isa = PBXBuildFile; fileRef = 5B1DA6632A61C7FE004AEA44 /* Model.swift */; };
		5B1DA6662A62B362004AEA44 /* SliderSlide.swift in Sources */ = {isa = PBXBuildFile; fileRef = 5B1DA6652A62B362004AEA44 /* SliderSlide.swift */; };
		5B1DA6682A62B489004AEA44 /* RegViewController.swift in Sources */ = {isa = PBXBuildFile; fileRef = 5B1DA6672A62B489004AEA44 /* RegViewController.swift */; };
		5B1DA66A2A62B496004AEA44 /* AuthViewController.swift in Sources */ = {isa = PBXBuildFile; fileRef = 5B1DA6692A62B496004AEA44 /* AuthViewController.swift */; };
		5B1DA66C2A62B5AD004AEA44 /* TabBarController.swift in Sources */ = {isa = PBXBuildFile; fileRef = 5B1DA66B2A62B5AD004AEA44 /* TabBarController.swift */; };
		5B1DA66E2A62B78E004AEA44 /* UsersViewController.swift in Sources */ = {isa = PBXBuildFile; fileRef = 5B1DA66D2A62B78E004AEA44 /* UsersViewController.swift */; };
		5B44E6AC2A6858A3001DCB3E /* CheckField.swift in Sources */ = {isa = PBXBuildFile; fileRef = 5B44E6AB2A6858A3001DCB3E /* CheckField.swift */; };
		5B5F876C2A6868BB00A6B87E /* Service.swift in Sources */ = {isa = PBXBuildFile; fileRef = 5B5F876B2A6868BB00A6B87E /* Service.swift */; };
		5BEFC3352A712B4400415A18 /* UsersTableViewCell.swift in Sources */ = {isa = PBXBuildFile; fileRef = 5BEFC3332A712B4400415A18 /* UsersTableViewCell.swift */; };
		5BEFC3362A712B4400415A18 /* UsersTableViewCell.xib in Resources */ = {isa = PBXBuildFile; fileRef = 5BEFC3342A712B4400415A18 /* UsersTableViewCell.xib */; };
		A4B7C4F18D15880D3C3C7AB8 /* Pods_SimpleChat.framework in Frameworks */ = {isa = PBXBuildFile; fileRef = A552DCF309029BE2A7084D17 /* Pods_SimpleChat.framework */; };
/* End PBXBuildFile section */

/* Begin PBXFileReference section */
		5B1DA63E2A609282004AEA44 /* SimpleChat.app */ = {isa = PBXFileReference; explicitFileType = wrapper.application; includeInIndex = 0; path = SimpleChat.app; sourceTree = BUILT_PRODUCTS_DIR; };
		5B1DA6412A609282004AEA44 /* AppDelegate.swift */ = {isa = PBXFileReference; lastKnownFileType = sourcecode.swift; path = AppDelegate.swift; sourceTree = "<group>"; };
		5B1DA6432A609282004AEA44 /* SceneDelegate.swift */ = {isa = PBXFileReference; lastKnownFileType = sourcecode.swift; path = SceneDelegate.swift; sourceTree = "<group>"; };
		5B1DA6482A609282004AEA44 /* Base */ = {isa = PBXFileReference; lastKnownFileType = file.storyboard; name = Base; path = Base.lproj/Main.storyboard; sourceTree = "<group>"; };
		5B1DA64A2A609283004AEA44 /* Assets.xcassets */ = {isa = PBXFileReference; lastKnownFileType = folder.assetcatalog; path = Assets.xcassets; sourceTree = "<group>"; };
		5B1DA64D2A609283004AEA44 /* Base */ = {isa = PBXFileReference; lastKnownFileType = file.storyboard; name = Base; path = Base.lproj/LaunchScreen.storyboard; sourceTree = "<group>"; };
		5B1DA64F2A609283004AEA44 /* Info.plist */ = {isa = PBXFileReference; lastKnownFileType = text.plist.xml; path = Info.plist; sourceTree = "<group>"; };
		5B1DA6552A60930C004AEA44 /* GoogleService-Info.plist */ = {isa = PBXFileReference; fileEncoding = 4; lastKnownFileType = text.plist.xml; path = "GoogleService-Info.plist"; sourceTree = "<group>"; };
		5B1DA65C2A61BD65004AEA44 /* LoginViewController.swift */ = {isa = PBXFileReference; lastKnownFileType = sourcecode.swift; path = LoginViewController.swift; sourceTree = "<group>"; };
		5B1DA65F2A61BF60004AEA44 /* SlideCollectionViewCell.swift */ = {isa = PBXFileReference; lastKnownFileType = sourcecode.swift; path = SlideCollectionViewCell.swift; sourceTree = "<group>"; };
		5B1DA6602A61BF60004AEA44 /* SlideCollectionViewCell.xib */ = {isa = PBXFileReference; lastKnownFileType = file.xib; path = SlideCollectionViewCell.xib; sourceTree = "<group>"; };
		5B1DA6632A61C7FE004AEA44 /* Model.swift */ = {isa = PBXFileReference; lastKnownFileType = sourcecode.swift; path = Model.swift; sourceTree = "<group>"; };
		5B1DA6652A62B362004AEA44 /* SliderSlide.swift */ = {isa = PBXFileReference; lastKnownFileType = sourcecode.swift; path = SliderSlide.swift; sourceTree = "<group>"; };
		5B1DA6672A62B489004AEA44 /* RegViewController.swift */ = {isa = PBXFileReference; lastKnownFileType = sourcecode.swift; path = RegViewController.swift; sourceTree = "<group>"; };
		5B1DA6692A62B496004AEA44 /* AuthViewController.swift */ = {isa = PBXFileReference; lastKnownFileType = sourcecode.swift; path = AuthViewController.swift; sourceTree = "<group>"; };
		5B1DA66B2A62B5AD004AEA44 /* TabBarController.swift */ = {isa = PBXFileReference; lastKnownFileType = sourcecode.swift; path = TabBarController.swift; sourceTree = "<group>"; };
		5B1DA66D2A62B78E004AEA44 /* UsersViewController.swift */ = {isa = PBXFileReference; lastKnownFileType = sourcecode.swift; path = UsersViewController.swift; sourceTree = "<group>"; };
		5B44E6AB2A6858A3001DCB3E /* CheckField.swift */ = {isa = PBXFileReference; fileEncoding = 4; lastKnownFileType = sourcecode.swift; path = CheckField.swift; sourceTree = "<group>"; };
		5B5F876B2A6868BB00A6B87E /* Service.swift */ = {isa = PBXFileReference; lastKnownFileType = sourcecode.swift; path = Service.swift; sourceTree = "<group>"; };
		5BEFC3332A712B4400415A18 /* UsersTableViewCell.swift */ = {isa = PBXFileReference; lastKnownFileType = sourcecode.swift; path = UsersTableViewCell.swift; sourceTree = "<group>"; };
		5BEFC3342A712B4400415A18 /* UsersTableViewCell.xib */ = {isa = PBXFileReference; lastKnownFileType = file.xib; path = UsersTableViewCell.xib; sourceTree = "<group>"; };
		A552DCF309029BE2A7084D17 /* Pods_SimpleChat.framework */ = {isa = PBXFileReference; explicitFileType = wrapper.framework; includeInIndex = 0; path = Pods_SimpleChat.framework; sourceTree = BUILT_PRODUCTS_DIR; };
		D8D564657FF00A2569C16912 /* Pods-SimpleChat.debug.xcconfig */ = {isa = PBXFileReference; includeInIndex = 1; lastKnownFileType = text.xcconfig; name = "Pods-SimpleChat.debug.xcconfig"; path = "Target Support Files/Pods-SimpleChat/Pods-SimpleChat.debug.xcconfig"; sourceTree = "<group>"; };
		DF8B3ECE0FFF2572F144CF55 /* Pods-SimpleChat.release.xcconfig */ = {isa = PBXFileReference; includeInIndex = 1; lastKnownFileType = text.xcconfig; name = "Pods-SimpleChat.release.xcconfig"; path = "Target Support Files/Pods-SimpleChat/Pods-SimpleChat.release.xcconfig"; sourceTree = "<group>"; };
/* End PBXFileReference section */

/* Begin PBXFrameworksBuildPhase section */
		5B1DA63B2A609282004AEA44 /* Frameworks */ = {
			isa = PBXFrameworksBuildPhase;
			buildActionMask = 2147483647;
			files = (
				A4B7C4F18D15880D3C3C7AB8 /* Pods_SimpleChat.framework in Frameworks */,
			);
			runOnlyForDeploymentPostprocessing = 0;
		};
/* End PBXFrameworksBuildPhase section */

/* Begin PBXGroup section */
		26A721E724397CB340D5A1FA /* Frameworks */ = {
			isa = PBXGroup;
			children = (
				A552DCF309029BE2A7084D17 /* Pods_SimpleChat.framework */,
			);
			name = Frameworks;
			sourceTree = "<group>";
		};
		5B1DA6352A609282004AEA44 = {
			isa = PBXGroup;
			children = (
				5B1DA6402A609282004AEA44 /* SimpleChat */,
				5B1DA63F2A609282004AEA44 /* Products */,
				5EBA6E0F2943DFC095E5EDE5 /* Pods */,
				26A721E724397CB340D5A1FA /* Frameworks */,
			);
			sourceTree = "<group>";
		};
		5B1DA63F2A609282004AEA44 /* Products */ = {
			isa = PBXGroup;
			children = (
				5B1DA63E2A609282004AEA44 /* SimpleChat.app */,
			);
			name = Products;
			sourceTree = "<group>";
		};
		5B1DA6402A609282004AEA44 /* SimpleChat */ = {
			isa = PBXGroup;
			children = (
				5B1DA6572A61BD0E004AEA44 /* Controller */,
				5B1DA6582A61BD17004AEA44 /* Views */,
				5B1DA6592A61BD23004AEA44 /* Models */,
				5B1DA6412A609282004AEA44 /* AppDelegate.swift */,
				5B1DA6432A609282004AEA44 /* SceneDelegate.swift */,
				5B1DA6472A609282004AEA44 /* Main.storyboard */,
				5B1DA64A2A609283004AEA44 /* Assets.xcassets */,
				5B1DA64C2A609283004AEA44 /* LaunchScreen.storyboard */,
				5B1DA64F2A609283004AEA44 /* Info.plist */,
				5B1DA6552A60930C004AEA44 /* GoogleService-Info.plist */,
			);
			path = SimpleChat;
			sourceTree = "<group>";
		};
		5B1DA6572A61BD0E004AEA44 /* Controller */ = {
			isa = PBXGroup;
			children = (
				5B1DA65B2A61BD3F004AEA44 /* Login */,
				5B1DA65A2A61BD38004AEA44 /* App */,
			);
			path = Controller;
			sourceTree = "<group>";
		};
		5B1DA6582A61BD17004AEA44 /* Views */ = {
			isa = PBXGroup;
			children = (
				5BEFC3322A712B1A00415A18 /* Users */,
				5B1DA65E2A61BF0E004AEA44 /* Slide */,
			);
			path = Views;
			sourceTree = "<group>";
		};
		5B1DA6592A61BD23004AEA44 /* Models */ = {
			isa = PBXGroup;
			children = (
				5B1DA6632A61C7FE004AEA44 /* Model.swift */,
				5B1DA6652A62B362004AEA44 /* SliderSlide.swift */,
				5B44E6AB2A6858A3001DCB3E /* CheckField.swift */,
				5B5F876B2A6868BB00A6B87E /* Service.swift */,
			);
			path = Models;
			sourceTree = "<group>";
		};
		5B1DA65A2A61BD38004AEA44 /* App */ = {
			isa = PBXGroup;
			children = (
				5BEFC3312A712A3700415A18 /* Messanger */,
				5BEFC3302A712A2D00415A18 /* Users */,
				5B1DA66B2A62B5AD004AEA44 /* TabBarController.swift */,
			);
			path = App;
			sourceTree = "<group>";
		};
		5B1DA65B2A61BD3F004AEA44 /* Login */ = {
			isa = PBXGroup;
			children = (
				5B1DA65C2A61BD65004AEA44 /* LoginViewController.swift */,
				5B1DA6672A62B489004AEA44 /* RegViewController.swift */,
				5B1DA6692A62B496004AEA44 /* AuthViewController.swift */,
			);
			path = Login;
			sourceTree = "<group>";
		};
		5B1DA65E2A61BF0E004AEA44 /* Slide */ = {
			isa = PBXGroup;
			children = (
				5B1DA65F2A61BF60004AEA44 /* SlideCollectionViewCell.swift */,
				5B1DA6602A61BF60004AEA44 /* SlideCollectionViewCell.xib */,
			);
			path = Slide;
			sourceTree = "<group>";
		};
		5BEFC3302A712A2D00415A18 /* Users */ = {
			isa = PBXGroup;
			children = (
				5B1DA66D2A62B78E004AEA44 /* UsersViewController.swift */,
			);
			path = Users;
			sourceTree = "<group>";
		};
		5BEFC3312A712A3700415A18 /* Messanger */ = {
			isa = PBXGroup;
			children = (
			);
			path = Messanger;
			sourceTree = "<group>";
		};
		5BEFC3322A712B1A00415A18 /* Users */ = {
			isa = PBXGroup;
			children = (
				5BEFC3332A712B4400415A18 /* UsersTableViewCell.swift */,
				5BEFC3342A712B4400415A18 /* UsersTableViewCell.xib */,
			);
			path = Users;
			sourceTree = "<group>";
		};
		5EBA6E0F2943DFC095E5EDE5 /* Pods */ = {
			isa = PBXGroup;
			children = (
				D8D564657FF00A2569C16912 /* Pods-SimpleChat.debug.xcconfig */,
				DF8B3ECE0FFF2572F144CF55 /* Pods-SimpleChat.release.xcconfig */,
			);
			path = Pods;
			sourceTree = "<group>";
		};
/* End PBXGroup section */

/* Begin PBXNativeTarget section */
		5B1DA63D2A609282004AEA44 /* SimpleChat */ = {
			isa = PBXNativeTarget;
			buildConfigurationList = 5B1DA6522A609283004AEA44 /* Build configuration list for PBXNativeTarget "SimpleChat" */;
			buildPhases = (
				DDE2030339A5E1DBD2D86470 /* [CP] Check Pods Manifest.lock */,
				5B1DA63A2A609282004AEA44 /* Sources */,
				5B1DA63B2A609282004AEA44 /* Frameworks */,
				5B1DA63C2A609282004AEA44 /* Resources */,
				F01DDB4427EFE1E933959F72 /* [CP] Embed Pods Frameworks */,
			);
			buildRules = (
			);
			dependencies = (
			);
			name = SimpleChat;
			productName = SimpleChat;
			productReference = 5B1DA63E2A609282004AEA44 /* SimpleChat.app */;
			productType = "com.apple.product-type.application";
		};
/* End PBXNativeTarget section */

/* Begin PBXProject section */
		5B1DA6362A609282004AEA44 /* Project object */ = {
			isa = PBXProject;
			attributes = {
				BuildIndependentTargetsInParallel = 1;
				LastSwiftUpdateCheck = 1430;
				LastUpgradeCheck = 1430;
				TargetAttributes = {
					5B1DA63D2A609282004AEA44 = {
						CreatedOnToolsVersion = 14.3;
					};
				};
			};
			buildConfigurationList = 5B1DA6392A609282004AEA44 /* Build configuration list for PBXProject "SimpleChat" */;
			compatibilityVersion = "Xcode 14.0";
			developmentRegion = en;
			hasScannedForEncodings = 0;
			knownRegions = (
				en,
				Base,
			);
			mainGroup = 5B1DA6352A609282004AEA44;
			productRefGroup = 5B1DA63F2A609282004AEA44 /* Products */;
			projectDirPath = "";
			projectRoot = "";
			targets = (
				5B1DA63D2A609282004AEA44 /* SimpleChat */,
			);
		};
/* End PBXProject section */

/* Begin PBXResourcesBuildPhase section */
		5B1DA63C2A609282004AEA44 /* Resources */ = {
			isa = PBXResourcesBuildPhase;
			buildActionMask = 2147483647;
			files = (
				5B1DA64E2A609283004AEA44 /* LaunchScreen.storyboard in Resources */,
				5B1DA6622A61BF60004AEA44 /* SlideCollectionViewCell.xib in Resources */,
				5BEFC3362A712B4400415A18 /* UsersTableViewCell.xib in Resources */,
				5B1DA6562A60930C004AEA44 /* GoogleService-Info.plist in Resources */,
				5B1DA64B2A609283004AEA44 /* Assets.xcassets in Resources */,
				5B1DA6492A609282004AEA44 /* Main.storyboard in Resources */,
			);
			runOnlyForDeploymentPostprocessing = 0;
		};
/* End PBXResourcesBuildPhase section */

/* Begin PBXShellScriptBuildPhase section */
		DDE2030339A5E1DBD2D86470 /* [CP] Check Pods Manifest.lock */ = {
			isa = PBXShellScriptBuildPhase;
			buildActionMask = 2147483647;
			files = (
			);
			inputFileListPaths = (
			);
			inputPaths = (
				"${PODS_PODFILE_DIR_PATH}/Podfile.lock",
				"${PODS_ROOT}/Manifest.lock",
			);
			name = "[CP] Check Pods Manifest.lock";
			outputFileListPaths = (
			);
			outputPaths = (
				"$(DERIVED_FILE_DIR)/Pods-SimpleChat-checkManifestLockResult.txt",
			);
			runOnlyForDeploymentPostprocessing = 0;
			shellPath = /bin/sh;
			shellScript = "diff \"${PODS_PODFILE_DIR_PATH}/Podfile.lock\" \"${PODS_ROOT}/Manifest.lock\" > /dev/null\nif [ $? != 0 ] ; then\n    # print error to STDERR\n    echo \"error: The sandbox is not in sync with the Podfile.lock. Run 'pod install' or update your CocoaPods installation.\" >&2\n    exit 1\nfi\n# This output is used by Xcode 'outputs' to avoid re-running this script phase.\necho \"SUCCESS\" > \"${SCRIPT_OUTPUT_FILE_0}\"\n";
			showEnvVarsInLog = 0;
		};
		F01DDB4427EFE1E933959F72 /* [CP] Embed Pods Frameworks */ = {
			isa = PBXShellScriptBuildPhase;
			buildActionMask = 2147483647;
			files = (
			);
			inputFileListPaths = (
				"${PODS_ROOT}/Target Support Files/Pods-SimpleChat/Pods-SimpleChat-frameworks-${CONFIGURATION}-input-files.xcfilelist",
			);
			name = "[CP] Embed Pods Frameworks";
			outputFileListPaths = (
				"${PODS_ROOT}/Target Support Files/Pods-SimpleChat/Pods-SimpleChat-frameworks-${CONFIGURATION}-output-files.xcfilelist",
			);
			runOnlyForDeploymentPostprocessing = 0;
			shellPath = /bin/sh;
			shellScript = "\"${PODS_ROOT}/Target Support Files/Pods-SimpleChat/Pods-SimpleChat-frameworks.sh\"\n";
			showEnvVarsInLog = 0;
		};
/* End PBXShellScriptBuildPhase section */

/* Begin PBXSourcesBuildPhase section */
		5B1DA63A2A609282004AEA44 /* Sources */ = {
			isa = PBXSourcesBuildPhase;
			buildActionMask = 2147483647;
			files = (
				5B1DA66E2A62B78E004AEA44 /* UsersViewController.swift in Sources */,
				5B44E6AC2A6858A3001DCB3E /* CheckField.swift in Sources */,
				5B1DA6662A62B362004AEA44 /* SliderSlide.swift in Sources */,
				5BEFC3352A712B4400415A18 /* UsersTableViewCell.swift in Sources */,
				5B1DA6642A61C7FE004AEA44 /* Model.swift in Sources */,
				5B1DA6612A61BF60004AEA44 /* SlideCollectionViewCell.swift in Sources */,
				5B5F876C2A6868BB00A6B87E /* Service.swift in Sources */,
				5B1DA66C2A62B5AD004AEA44 /* TabBarController.swift in Sources */,
				5B1DA65D2A61BD65004AEA44 /* LoginViewController.swift in Sources */,
				5B1DA66A2A62B496004AEA44 /* AuthViewController.swift in Sources */,
				5B1DA6422A609282004AEA44 /* AppDelegate.swift in Sources */,
				5B1DA6442A609282004AEA44 /* SceneDelegate.swift in Sources */,
				5B1DA6682A62B489004AEA44 /* RegViewController.swift in Sources */,
			);
			runOnlyForDeploymentPostprocessing = 0;
		};
/* End PBXSourcesBuildPhase section */

/* Begin PBXVariantGroup section */
		5B1DA6472A609282004AEA44 /* Main.storyboard */ = {
			isa = PBXVariantGroup;
			children = (
				5B1DA6482A609282004AEA44 /* Base */,
			);
			name = Main.storyboard;
			sourceTree = "<group>";
		};
		5B1DA64C2A609283004AEA44 /* LaunchScreen.storyboard */ = {
			isa = PBXVariantGroup;
			children = (
				5B1DA64D2A609283004AEA44 /* Base */,
			);
			name = LaunchScreen.storyboard;
			sourceTree = "<group>";
		};
/* End PBXVariantGroup section */

/* Begin XCBuildConfiguration section */
		5B1DA6502A609283004AEA44 /* Debug */ = {
			isa = XCBuildConfiguration;
			buildSettings = {
				ALWAYS_SEARCH_USER_PATHS = NO;
				CLANG_ANALYZER_NONNULL = YES;
				CLANG_ANALYZER_NUMBER_OBJECT_CONVERSION = YES_AGGRESSIVE;
				CLANG_CXX_LANGUAGE_STANDARD = "gnu++20";
				CLANG_ENABLE_MODULES = YES;
				CLANG_ENABLE_OBJC_ARC = YES;
				CLANG_ENABLE_OBJC_WEAK = YES;
				CLANG_WARN_BLOCK_CAPTURE_AUTORELEASING = YES;
				CLANG_WARN_BOOL_CONVERSION = YES;
				CLANG_WARN_COMMA = YES;
				CLANG_WARN_CONSTANT_CONVERSION = YES;
				CLANG_WARN_DEPRECATED_OBJC_IMPLEMENTATIONS = YES;
				CLANG_WARN_DIRECT_OBJC_ISA_USAGE = YES_ERROR;
				CLANG_WARN_DOCUMENTATION_COMMENTS = YES;
				CLANG_WARN_EMPTY_BODY = YES;
				CLANG_WARN_ENUM_CONVERSION = YES;
				CLANG_WARN_INFINITE_RECURSION = YES;
				CLANG_WARN_INT_CONVERSION = YES;
				CLANG_WARN_NON_LITERAL_NULL_CONVERSION = YES;
				CLANG_WARN_OBJC_IMPLICIT_RETAIN_SELF = YES;
				CLANG_WARN_OBJC_LITERAL_CONVERSION = YES;
				CLANG_WARN_OBJC_ROOT_CLASS = YES_ERROR;
				CLANG_WARN_QUOTED_INCLUDE_IN_FRAMEWORK_HEADER = YES;
				CLANG_WARN_RANGE_LOOP_ANALYSIS = YES;
				CLANG_WARN_STRICT_PROTOTYPES = YES;
				CLANG_WARN_SUSPICIOUS_MOVE = YES;
				CLANG_WARN_UNGUARDED_AVAILABILITY = YES_AGGRESSIVE;
				CLANG_WARN_UNREACHABLE_CODE = YES;
				CLANG_WARN__DUPLICATE_METHOD_MATCH = YES;
				COPY_PHASE_STRIP = NO;
				DEBUG_INFORMATION_FORMAT = dwarf;
				ENABLE_STRICT_OBJC_MSGSEND = YES;
				ENABLE_TESTABILITY = YES;
				GCC_C_LANGUAGE_STANDARD = gnu11;
				GCC_DYNAMIC_NO_PIC = NO;
				GCC_NO_COMMON_BLOCKS = YES;
				GCC_OPTIMIZATION_LEVEL = 0;
				GCC_PREPROCESSOR_DEFINITIONS = (
					"DEBUG=1",
					"$(inherited)",
				);
				GCC_WARN_64_TO_32_BIT_CONVERSION = YES;
				GCC_WARN_ABOUT_RETURN_TYPE = YES_ERROR;
				GCC_WARN_UNDECLARED_SELECTOR = YES;
				GCC_WARN_UNINITIALIZED_AUTOS = YES_AGGRESSIVE;
				GCC_WARN_UNUSED_FUNCTION = YES;
				GCC_WARN_UNUSED_VARIABLE = YES;
				IPHONEOS_DEPLOYMENT_TARGET = 16.4;
				MTL_ENABLE_DEBUG_INFO = INCLUDE_SOURCE;
				MTL_FAST_MATH = YES;
				ONLY_ACTIVE_ARCH = YES;
				SDKROOT = iphoneos;
				SWIFT_ACTIVE_COMPILATION_CONDITIONS = DEBUG;
				SWIFT_OPTIMIZATION_LEVEL = "-Onone";
			};
			name = Debug;
		};
		5B1DA6512A609283004AEA44 /* Release */ = {
			isa = XCBuildConfiguration;
			buildSettings = {
				ALWAYS_SEARCH_USER_PATHS = NO;
				CLANG_ANALYZER_NONNULL = YES;
				CLANG_ANALYZER_NUMBER_OBJECT_CONVERSION = YES_AGGRESSIVE;
				CLANG_CXX_LANGUAGE_STANDARD = "gnu++20";
				CLANG_ENABLE_MODULES = YES;
				CLANG_ENABLE_OBJC_ARC = YES;
				CLANG_ENABLE_OBJC_WEAK = YES;
				CLANG_WARN_BLOCK_CAPTURE_AUTORELEASING = YES;
				CLANG_WARN_BOOL_CONVERSION = YES;
				CLANG_WARN_COMMA = YES;
				CLANG_WARN_CONSTANT_CONVERSION = YES;
				CLANG_WARN_DEPRECATED_OBJC_IMPLEMENTATIONS = YES;
				CLANG_WARN_DIRECT_OBJC_ISA_USAGE = YES_ERROR;
				CLANG_WARN_DOCUMENTATION_COMMENTS = YES;
				CLANG_WARN_EMPTY_BODY = YES;
				CLANG_WARN_ENUM_CONVERSION = YES;
				CLANG_WARN_INFINITE_RECURSION = YES;
				CLANG_WARN_INT_CONVERSION = YES;
				CLANG_WARN_NON_LITERAL_NULL_CONVERSION = YES;
				CLANG_WARN_OBJC_IMPLICIT_RETAIN_SELF = YES;
				CLANG_WARN_OBJC_LITERAL_CONVERSION = YES;
				CLANG_WARN_OBJC_ROOT_CLASS = YES_ERROR;
				CLANG_WARN_QUOTED_INCLUDE_IN_FRAMEWORK_HEADER = YES;
				CLANG_WARN_RANGE_LOOP_ANALYSIS = YES;
				CLANG_WARN_STRICT_PROTOTYPES = YES;
				CLANG_WARN_SUSPICIOUS_MOVE = YES;
				CLANG_WARN_UNGUARDED_AVAILABILITY = YES_AGGRESSIVE;
				CLANG_WARN_UNREACHABLE_CODE = YES;
				CLANG_WARN__DUPLICATE_METHOD_MATCH = YES;
				COPY_PHASE_STRIP = NO;
				DEBUG_INFORMATION_FORMAT = "dwarf-with-dsym";
				ENABLE_NS_ASSERTIONS = NO;
				ENABLE_STRICT_OBJC_MSGSEND = YES;
				GCC_C_LANGUAGE_STANDARD = gnu11;
				GCC_NO_COMMON_BLOCKS = YES;
				GCC_WARN_64_TO_32_BIT_CONVERSION = YES;
				GCC_WARN_ABOUT_RETURN_TYPE = YES_ERROR;
				GCC_WARN_UNDECLARED_SELECTOR = YES;
				GCC_WARN_UNINITIALIZED_AUTOS = YES_AGGRESSIVE;
				GCC_WARN_UNUSED_FUNCTION = YES;
				GCC_WARN_UNUSED_VARIABLE = YES;
				IPHONEOS_DEPLOYMENT_TARGET = 16.4;
				MTL_ENABLE_DEBUG_INFO = NO;
				MTL_FAST_MATH = YES;
				SDKROOT = iphoneos;
				SWIFT_COMPILATION_MODE = wholemodule;
				SWIFT_OPTIMIZATION_LEVEL = "-O";
				VALIDATE_PRODUCT = YES;
			};
			name = Release;
		};
		5B1DA6532A609283004AEA44 /* Debug */ = {
			isa = XCBuildConfiguration;
			baseConfigurationReference = D8D564657FF00A2569C16912 /* Pods-SimpleChat.debug.xcconfig */;
			buildSettings = {
				ASSETCATALOG_COMPILER_APPICON_NAME = AppIcon;
				ASSETCATALOG_COMPILER_GLOBAL_ACCENT_COLOR_NAME = AccentColor;
				CODE_SIGN_STYLE = Automatic;
				CURRENT_PROJECT_VERSION = 1;
				DEVELOPMENT_TEAM = R7B2Y45548;
				GENERATE_INFOPLIST_FILE = YES;
				INFOPLIST_FILE = SimpleChat/Info.plist;
				INFOPLIST_KEY_UIApplicationSupportsIndirectInputEvents = YES;
				INFOPLIST_KEY_UILaunchStoryboardName = LaunchScreen;
				INFOPLIST_KEY_UIMainStoryboardFile = Main;
				INFOPLIST_KEY_UISupportedInterfaceOrientations_iPad = "UIInterfaceOrientationPortrait UIInterfaceOrientationPortraitUpsideDown UIInterfaceOrientationLandscapeLeft UIInterfaceOrientationLandscapeRight";
				INFOPLIST_KEY_UISupportedInterfaceOrientations_iPhone = "UIInterfaceOrientationPortrait UIInterfaceOrientationLandscapeLeft UIInterfaceOrientationLandscapeRight";
				IPHONEOS_DEPLOYMENT_TARGET = 13.0;
				LD_RUNPATH_SEARCH_PATHS = (
					"$(inherited)",
					"@executable_path/Frameworks",
				);
				MARKETING_VERSION = 1.0;
				PRODUCT_BUNDLE_IDENTIFIER = project3.SimpleChat;
				PRODUCT_NAME = "$(TARGET_NAME)";
				SUPPORTED_PLATFORMS = "iphoneos iphonesimulator";
				SUPPORTS_MACCATALYST = NO;
				SUPPORTS_MAC_DESIGNED_FOR_IPHONE_IPAD = NO;
				SWIFT_EMIT_LOC_STRINGS = YES;
				SWIFT_VERSION = 5.0;
				TARGETED_DEVICE_FAMILY = 1;
			};
			name = Debug;
		};
		5B1DA6542A609283004AEA44 /* Release */ = {
			isa = XCBuildConfiguration;
			baseConfigurationReference = DF8B3ECE0FFF2572F144CF55 /* Pods-SimpleChat.release.xcconfig */;
			buildSettings = {
				ASSETCATALOG_COMPILER_APPICON_NAME = AppIcon;
				ASSETCATALOG_COMPILER_GLOBAL_ACCENT_COLOR_NAME = AccentColor;
				CODE_SIGN_STYLE = Automatic;
				CURRENT_PROJECT_VERSION = 1;
				DEVELOPMENT_TEAM = R7B2Y45548;
				GENERATE_INFOPLIST_FILE = YES;
				INFOPLIST_FILE = SimpleChat/Info.plist;
				INFOPLIST_KEY_UIApplicationSupportsIndirectInputEvents = YES;
				INFOPLIST_KEY_UILaunchStoryboardName = LaunchScreen;
				INFOPLIST_KEY_UIMainStoryboardFile = Main;
				INFOPLIST_KEY_UISupportedInterfaceOrientations_iPad = "UIInterfaceOrientationPortrait UIInterfaceOrientationPortraitUpsideDown UIInterfaceOrientationLandscapeLeft UIInterfaceOrientationLandscapeRight";
				INFOPLIST_KEY_UISupportedInterfaceOrientations_iPhone = "UIInterfaceOrientationPortrait UIInterfaceOrientationLandscapeLeft UIInterfaceOrientationLandscapeRight";
				IPHONEOS_DEPLOYMENT_TARGET = 13.0;
				LD_RUNPATH_SEARCH_PATHS = (
					"$(inherited)",
					"@executable_path/Frameworks",
				);
				MARKETING_VERSION = 1.0;
				PRODUCT_BUNDLE_IDENTIFIER = project3.SimpleChat;
				PRODUCT_NAME = "$(TARGET_NAME)";
				SUPPORTED_PLATFORMS = "iphoneos iphonesimulator";
				SUPPORTS_MACCATALYST = NO;
				SUPPORTS_MAC_DESIGNED_FOR_IPHONE_IPAD = NO;
				SWIFT_EMIT_LOC_STRINGS = YES;
				SWIFT_VERSION = 5.0;
				TARGETED_DEVICE_FAMILY = 1;
			};
			name = Release;
		};
/* End XCBuildConfiguration section */

/* Begin XCConfigurationList section */
		5B1DA6392A609282004AEA44 /* Build configuration list for PBXProject "SimpleChat" */ = {
			isa = XCConfigurationList;
			buildConfigurations = (
				5B1DA6502A609283004AEA44 /* Debug */,
				5B1DA6512A609283004AEA44 /* Release */,
			);
			defaultConfigurationIsVisible = 0;
			defaultConfigurationName = Release;
		};
		5B1DA6522A609283004AEA44 /* Build configuration list for PBXNativeTarget "SimpleChat" */ = {
			isa = XCConfigurationList;
			buildConfigurations = (
				5B1DA6532A609283004AEA44 /* Debug */,
				5B1DA6542A609283004AEA44 /* Release */,
			);
			defaultConfigurationIsVisible = 0;
			defaultConfigurationName = Release;
		};
/* End XCConfigurationList section */
	};
	rootObject = 5B1DA6362A609282004AEA44 /* Project object */;
}
